
Microsoft Visual Studio Solution File, Format Version 12.00
# Visual Studio Version 16
VisualStudioVersion = 16.0.32106.194
MinimumVisualStudioVersion = 10.0.40219.1
Project("{9A19103F-16F7-4668-BE54-9A1E7A4F7556}") = "AppTestCode", "AppTestCode\AppTestCode.csproj", "{0938779A-22C5-41F8-98D5-0D2B0401C5EA}"
EndProject
Project("{FAE04EC0-301F-11D3-BF4B-00C04F79EFBC}") = "AppTestCodeTests", "AppTestCodeTests\AppTestCodeTests.csproj", "{09E4F7DF-49D1-4F0F-A255-AC807CA8FD01}"
EndProject
Global
	GlobalSection(SolutionConfigurationPlatforms) = preSolution
		Debug|Any CPU = Debug|Any CPU
		Release|Any CPU = Release|Any CPU
	EndGlobalSection
	GlobalSection(ProjectConfigurationPlatforms) = postSolution
		{0938779A-22C5-41F8-98D5-0D2B0401C5EA}.Debug|Any CPU.ActiveCfg = Debug|Any CPU
		{0938779A-22C5-41F8-98D5-0D2B0401C5EA}.Debug|Any CPU.Build.0 = Debug|Any CPU
		{0938779A-22C5-41F8-98D5-0D2B0401C5EA}.Release|Any CPU.ActiveCfg = Release|Any CPU
		{0938779A-22C5-41F8-98D5-0D2B0401C5EA}.Release|Any CPU.Build.0 = Release|Any CPU
		{09E4F7DF-49D1-4F0F-A255-AC807CA8FD01}.Debug|Any CPU.ActiveCfg = Debug|Any CPU
		{09E4F7DF-49D1-4F0F-A255-AC807CA8FD01}.Debug|Any CPU.Build.0 = Debug|Any CPU
		{09E4F7DF-49D1-4F0F-A255-AC807CA8FD01}.Release|Any CPU.ActiveCfg = Release|Any CPU
		{09E4F7DF-49D1-4F0F-A255-AC807CA8FD01}.Release|Any CPU.Build.0 = Release|Any CPU
	EndGlobalSection
	GlobalSection(SolutionProperties) = preSolution
		HideSolutionNode = FALSE
	EndGlobalSection
	GlobalSection(ExtensibilityGlobals) = postSolution
		SolutionGuid = {546E5522-EAEB-4007-B642-79AD4AEA9628}
	EndGlobalSection
EndGlobal
